
Microsoft Visual Studio Solution File, Format Version 12.00
# Visual Studio Version 17
VisualStudioVersion = 17.6.33712.159
MinimumVisualStudioVersion = 10.0.40219.1
Project("{9A19103F-16F7-4668-BE54-9A1E7A4F7556}") = "API", "API.csproj", "{15E119A5-0F0B-40D8-8B9C-632A29EBD6ED}"
	ProjectSection(ProjectDependencies) = postProject
		{A792543C-E219-47FE-B82D-A465AD10DD3D} = {A792543C-E219-47FE-B82D-A465AD10DD3D}
	EndProjectSection
EndProject
Project("{FAE04EC0-301F-11D3-BF4B-00C04F79EFBC}") = "Notes.Validation", "..\Notes.Validation\Notes.Validation.csproj", "{4990C277-D3BC-47DB-9A41-23B46484DBBF}"
	ProjectSection(ProjectDependencies) = postProject
		{A792543C-E219-47FE-B82D-A465AD10DD3D} = {A792543C-E219-47FE-B82D-A465AD10DD3D}
	EndProjectSection
EndProject
Project("{FAE04EC0-301F-11D3-BF4B-00C04F79EFBC}") = "Domain", "..\Domain\Domain.csproj", "{A792543C-E219-47FE-B82D-A465AD10DD3D}"
EndProject
Project("{FAE04EC0-301F-11D3-BF4B-00C04F79EFBC}") = "Application", "..\Application\Application.csproj", "{7BCBD930-87A7-4E9D-BDA8-0E53E0404C89}"
EndProject
Global
	GlobalSection(SolutionConfigurationPlatforms) = preSolution
		Debug|Any CPU = Debug|Any CPU
		Release|Any CPU = Release|Any CPU
	EndGlobalSection
	GlobalSection(ProjectConfigurationPlatforms) = postSolution
		{15E119A5-0F0B-40D8-8B9C-632A29EBD6ED}.Debug|Any CPU.ActiveCfg = Debug|Any CPU
		{15E119A5-0F0B-40D8-8B9C-632A29EBD6ED}.Debug|Any CPU.Build.0 = Debug|Any CPU
		{15E119A5-0F0B-40D8-8B9C-632A29EBD6ED}.Release|Any CPU.ActiveCfg = Release|Any CPU
		{15E119A5-0F0B-40D8-8B9C-632A29EBD6ED}.Release|Any CPU.Build.0 = Release|Any CPU
		{4990C277-D3BC-47DB-9A41-23B46484DBBF}.Debug|Any CPU.ActiveCfg = Debug|Any CPU
		{4990C277-D3BC-47DB-9A41-23B46484DBBF}.Debug|Any CPU.Build.0 = Debug|Any CPU
		{4990C277-D3BC-47DB-9A41-23B46484DBBF}.Release|Any CPU.ActiveCfg = Release|Any CPU
		{4990C277-D3BC-47DB-9A41-23B46484DBBF}.Release|Any CPU.Build.0 = Release|Any CPU
		{A792543C-E219-47FE-B82D-A465AD10DD3D}.Debug|Any CPU.ActiveCfg = Debug|Any CPU
		{A792543C-E219-47FE-B82D-A465AD10DD3D}.Debug|Any CPU.Build.0 = Debug|Any CPU
		{A792543C-E219-47FE-B82D-A465AD10DD3D}.Release|Any CPU.ActiveCfg = Release|Any CPU
		{A792543C-E219-47FE-B82D-A465AD10DD3D}.Release|Any CPU.Build.0 = Release|Any CPU
		{7BCBD930-87A7-4E9D-BDA8-0E53E0404C89}.Debug|Any CPU.ActiveCfg = Debug|Any CPU
		{7BCBD930-87A7-4E9D-BDA8-0E53E0404C89}.Debug|Any CPU.Build.0 = Debug|Any CPU
		{7BCBD930-87A7-4E9D-BDA8-0E53E0404C89}.Release|Any CPU.ActiveCfg = Release|Any CPU
		{7BCBD930-87A7-4E9D-BDA8-0E53E0404C89}.Release|Any CPU.Build.0 = Release|Any CPU
	EndGlobalSection
	GlobalSection(SolutionProperties) = preSolution
		HideSolutionNode = FALSE
	EndGlobalSection
	GlobalSection(ExtensibilityGlobals) = postSolution
		SolutionGuid = {55AF50E5-D44B-41EF-80B6-1D36EAE38921}
	EndGlobalSection
EndGlobal
